
Microsoft Visual Studio Solution File, Format Version 12.00
# Visual Studio Version 17
VisualStudioVersion = 17.3.32804.467
MinimumVisualStudioVersion = 10.0.40219.1
Project("{FAE04EC0-301F-11D3-BF4B-00C04F79EFBC}") = "ApiPlug", "ApiPlug\ApiPlug.csproj", "{E856B494-42F7-4BDA-BD0D-82D5FABF4D77}"
EndProject
Global
	GlobalSection(SolutionConfigurationPlatforms) = preSolution
		Debug|Any CPU = Debug|Any CPU
		Release|Any CPU = Release|Any CPU
	EndGlobalSection
	GlobalSection(ProjectConfigurationPlatforms) = postSolution
		{E856B494-42F7-4BDA-BD0D-82D5FABF4D77}.Debug|Any CPU.ActiveCfg = Debug|Any CPU
		{E856B494-42F7-4BDA-BD0D-82D5FABF4D77}.Debug|Any CPU.Build.0 = Debug|Any CPU
		{E856B494-42F7-4BDA-BD0D-82D5FABF4D77}.Release|Any CPU.ActiveCfg = Release|Any CPU
		{E856B494-42F7-4BDA-BD0D-82D5FABF4D77}.Release|Any CPU.Build.0 = Release|Any CPU
	EndGlobalSection
	GlobalSection(SolutionProperties) = preSolution
		HideSolutionNode = FALSE
	EndGlobalSection
	GlobalSection(ExtensibilityGlobals) = postSolution
		SolutionGuid = {733A0E0B-0EB8-4E87-8E74-13CCE867060C}
	EndGlobalSection
EndGlobal
